
Microsoft Visual Studio Solution File, Format Version 12.00
# Visual Studio Version 17
VisualStudioVersion = 17.5.33530.505
MinimumVisualStudioVersion = 10.0.40219.1
Project("{FAE04EC0-301F-11D3-BF4B-00C04F79EFBC}") = "CepApi", "CepApi\CepApi.csproj", "{E84B3223-3413-4DA3-8384-FA6E3B0F064C}"
EndProject
Global
	GlobalSection(SolutionConfigurationPlatforms) = preSolution
		Debug|Any CPU = Debug|Any CPU
		Release|Any CPU = Release|Any CPU
	EndGlobalSection
	GlobalSection(ProjectConfigurationPlatforms) = postSolution
		{E84B3223-3413-4DA3-8384-FA6E3B0F064C}.Debug|Any CPU.ActiveCfg = Debug|Any CPU
		{E84B3223-3413-4DA3-8384-FA6E3B0F064C}.Debug|Any CPU.Build.0 = Debug|Any CPU
		{E84B3223-3413-4DA3-8384-FA6E3B0F064C}.Release|Any CPU.ActiveCfg = Release|Any CPU
		{E84B3223-3413-4DA3-8384-FA6E3B0F064C}.Release|Any CPU.Build.0 = Release|Any CPU
	EndGlobalSection
	GlobalSection(SolutionProperties) = preSolution
		HideSolutionNode = FALSE
	EndGlobalSection
	GlobalSection(ExtensibilityGlobals) = postSolution
		SolutionGuid = {C6A0B5D0-3E7A-4D5B-878B-373481AE5C6C}
	EndGlobalSection
EndGlobal
